
Microsoft Visual Studio Solution File, Format Version 12.00
# Visual Studio Version 16
VisualStudioVersion = 25.0.1706.0
MinimumVisualStudioVersion = 10.0.40219.1
Project("{FAE04EC0-301F-11D3-BF4B-00C04F79EFBC}") = "supermarket", "supermarket.csproj", "{D30591CC-B3FB-4B19-BC73-03B0BEB7E152}"
EndProject
Global
	GlobalSection(SolutionConfigurationPlatforms) = preSolution
		Debug|Any CPU = Debug|Any CPU
		Release|Any CPU = Release|Any CPU
	EndGlobalSection
	GlobalSection(ProjectConfigurationPlatforms) = postSolution
		{D30591CC-B3FB-4B19-BC73-03B0BEB7E152}.Debug|Any CPU.ActiveCfg = Debug|Any CPU
		{D30591CC-B3FB-4B19-BC73-03B0BEB7E152}.Debug|Any CPU.Build.0 = Debug|Any CPU
		{D30591CC-B3FB-4B19-BC73-03B0BEB7E152}.Release|Any CPU.ActiveCfg = Release|Any CPU
		{D30591CC-B3FB-4B19-BC73-03B0BEB7E152}.Release|Any CPU.Build.0 = Release|Any CPU
	EndGlobalSection
	GlobalSection(SolutionProperties) = preSolution
		HideSolutionNode = FALSE
	EndGlobalSection
	GlobalSection(ExtensibilityGlobals) = postSolution
		SolutionGuid = {F5A26B1C-D83E-49A6-9EA7-2011D58E2424}
	EndGlobalSection
EndGlobal
